// !$*UTF8*$!
{
	archiveVersion = 1;
	classes = {
	};
	objectVersion = 56;
	objects = {

/* Begin PBXBuildFile section */
		C357A8C32B6A36AE007E1195 /* AppDelegate.swift in Sources */ = {isa = PBXBuildFile; fileRef = C357A8C22B6A36AE007E1195 /* AppDelegate.swift */; };
		C357A8C52B6A36AE007E1195 /* SceneDelegate.swift in Sources */ = {isa = PBXBuildFile; fileRef = C357A8C42B6A36AE007E1195 /* SceneDelegate.swift */; };
		C357A8C72B6A36AE007E1195 /* MovieListVC.swift in Sources */ = {isa = PBXBuildFile; fileRef = C357A8C62B6A36AE007E1195 /* MovieListVC.swift */; };
		C357A8CD2B6A36AE007E1195 /* MyMovies.xcdatamodeld in Sources */ = {isa = PBXBuildFile; fileRef = C357A8CB2B6A36AE007E1195 /* MyMovies.xcdatamodeld */; };
		C357A8CF2B6A36AF007E1195 /* Assets.xcassets in Resources */ = {isa = PBXBuildFile; fileRef = C357A8CE2B6A36AF007E1195 /* Assets.xcassets */; };
		C357A8D22B6A36AF007E1195 /* LaunchScreen.storyboard in Resources */ = {isa = PBXBuildFile; fileRef = C357A8D02B6A36AF007E1195 /* LaunchScreen.storyboard */; };
		C37DDBA42B6A3C130081B91F /* SwiftUIPreviewVC.swift in Sources */ = {isa = PBXBuildFile; fileRef = C37DDBA32B6A3C130081B91F /* SwiftUIPreviewVC.swift */; };
		C37DDBA62B6A3C180081B91F /* SwiftUIPreviewView.swift in Sources */ = {isa = PBXBuildFile; fileRef = C37DDBA52B6A3C180081B91F /* SwiftUIPreviewView.swift */; };
		C37DDBA92B6A4FA50081B91F /* FavouritesVC.swift in Sources */ = {isa = PBXBuildFile; fileRef = C37DDBA82B6A4FA50081B91F /* FavouritesVC.swift */; };
		C37DDBAD2B6A558F0081B91F /* MMMovieCell.swift in Sources */ = {isa = PBXBuildFile; fileRef = C37DDBAC2B6A558F0081B91F /* MMMovieCell.swift */; };
		C37DDBAF2B6A56660081B91F /* MMMovieImageView.swift in Sources */ = {isa = PBXBuildFile; fileRef = C37DDBAE2B6A56660081B91F /* MMMovieImageView.swift */; };
		C37DDBB12B6A572C0081B91F /* MMTitleLabel.swift in Sources */ = {isa = PBXBuildFile; fileRef = C37DDBB02B6A572C0081B91F /* MMTitleLabel.swift */; };
		C37DDBB32B6A73DA0081B91F /* MovieDetailsVC.swift in Sources */ = {isa = PBXBuildFile; fileRef = C37DDBB22B6A73DA0081B91F /* MovieDetailsVC.swift */; };
/* End PBXBuildFile section */

/* Begin PBXFileReference section */
		C357A8BF2B6A36AE007E1195 /* MyMovies.app */ = {isa = PBXFileReference; explicitFileType = wrapper.application; includeInIndex = 0; path = MyMovies.app; sourceTree = BUILT_PRODUCTS_DIR; };
		C357A8C22B6A36AE007E1195 /* AppDelegate.swift */ = {isa = PBXFileReference; lastKnownFileType = sourcecode.swift; path = AppDelegate.swift; sourceTree = "<group>"; };
		C357A8C42B6A36AE007E1195 /* SceneDelegate.swift */ = {isa = PBXFileReference; lastKnownFileType = sourcecode.swift; path = SceneDelegate.swift; sourceTree = "<group>"; };
		C357A8C62B6A36AE007E1195 /* MovieListVC.swift */ = {isa = PBXFileReference; lastKnownFileType = sourcecode.swift; path = MovieListVC.swift; sourceTree = "<group>"; };
		C357A8CC2B6A36AE007E1195 /* MyMovies.xcdatamodel */ = {isa = PBXFileReference; lastKnownFileType = wrapper.xcdatamodel; path = MyMovies.xcdatamodel; sourceTree = "<group>"; };
		C357A8CE2B6A36AF007E1195 /* Assets.xcassets */ = {isa = PBXFileReference; lastKnownFileType = folder.assetcatalog; path = Assets.xcassets; sourceTree = "<group>"; };
		C357A8D12B6A36AF007E1195 /* Base */ = {isa = PBXFileReference; lastKnownFileType = file.storyboard; name = Base; path = Base.lproj/LaunchScreen.storyboard; sourceTree = "<group>"; };
		C357A8D32B6A36AF007E1195 /* Info.plist */ = {isa = PBXFileReference; lastKnownFileType = text.plist.xml; path = Info.plist; sourceTree = "<group>"; };
		C37DDBA32B6A3C130081B91F /* SwiftUIPreviewVC.swift */ = {isa = PBXFileReference; fileEncoding = 4; lastKnownFileType = sourcecode.swift; path = SwiftUIPreviewVC.swift; sourceTree = "<group>"; };
		C37DDBA52B6A3C180081B91F /* SwiftUIPreviewView.swift */ = {isa = PBXFileReference; fileEncoding = 4; lastKnownFileType = sourcecode.swift; path = SwiftUIPreviewView.swift; sourceTree = "<group>"; };
		C37DDBA82B6A4FA50081B91F /* FavouritesVC.swift */ = {isa = PBXFileReference; lastKnownFileType = sourcecode.swift; path = FavouritesVC.swift; sourceTree = "<group>"; };
		C37DDBAC2B6A558F0081B91F /* MMMovieCell.swift */ = {isa = PBXFileReference; lastKnownFileType = sourcecode.swift; path = MMMovieCell.swift; sourceTree = "<group>"; };
		C37DDBAE2B6A56660081B91F /* MMMovieImageView.swift */ = {isa = PBXFileReference; lastKnownFileType = sourcecode.swift; path = MMMovieImageView.swift; sourceTree = "<group>"; };
		C37DDBB02B6A572C0081B91F /* MMTitleLabel.swift */ = {isa = PBXFileReference; lastKnownFileType = sourcecode.swift; path = MMTitleLabel.swift; sourceTree = "<group>"; };
		C37DDBB22B6A73DA0081B91F /* MovieDetailsVC.swift */ = {isa = PBXFileReference; lastKnownFileType = sourcecode.swift; path = MovieDetailsVC.swift; sourceTree = "<group>"; };
/* End PBXFileReference section */

/* Begin PBXFrameworksBuildPhase section */
		C357A8BC2B6A36AE007E1195 /* Frameworks */ = {
			isa = PBXFrameworksBuildPhase;
			buildActionMask = 2147483647;
			files = (
			);
			runOnlyForDeploymentPostprocessing = 0;
		};
/* End PBXFrameworksBuildPhase section */

/* Begin PBXGroup section */
		C357A8B62B6A36AE007E1195 = {
			isa = PBXGroup;
			children = (
				C357A8C12B6A36AE007E1195 /* MyMovies */,
				C357A8C02B6A36AE007E1195 /* Products */,
			);
			sourceTree = "<group>";
		};
		C357A8C02B6A36AE007E1195 /* Products */ = {
			isa = PBXGroup;
			children = (
				C357A8BF2B6A36AE007E1195 /* MyMovies.app */,
			);
			name = Products;
			sourceTree = "<group>";
		};
		C357A8C12B6A36AE007E1195 /* MyMovies */ = {
			isa = PBXGroup;
			children = (
				C37DDBA22B6A3BEB0081B91F /* Preview Helpers */,
				C37DDBA72B6A479E0081B91F /* Controllers */,
				C37DDBAA2B6A54BD0081B91F /* Views */,
				C357A8C22B6A36AE007E1195 /* AppDelegate.swift */,
				C357A8C42B6A36AE007E1195 /* SceneDelegate.swift */,
				C357A8CE2B6A36AF007E1195 /* Assets.xcassets */,
				C357A8D02B6A36AF007E1195 /* LaunchScreen.storyboard */,
				C357A8D32B6A36AF007E1195 /* Info.plist */,
				C357A8CB2B6A36AE007E1195 /* MyMovies.xcdatamodeld */,
			);
			path = MyMovies;
			sourceTree = "<group>";
		};
		C37DDBA22B6A3BEB0081B91F /* Preview Helpers */ = {
			isa = PBXGroup;
			children = (
				C37DDBA32B6A3C130081B91F /* SwiftUIPreviewVC.swift */,
				C37DDBA52B6A3C180081B91F /* SwiftUIPreviewView.swift */,
			);
			path = "Preview Helpers";
			sourceTree = "<group>";
		};
		C37DDBA72B6A479E0081B91F /* Controllers */ = {
			isa = PBXGroup;
			children = (
				C357A8C62B6A36AE007E1195 /* MovieListVC.swift */,
				C37DDBA82B6A4FA50081B91F /* FavouritesVC.swift */,
				C37DDBB22B6A73DA0081B91F /* MovieDetailsVC.swift */,
			);
			path = Controllers;
			sourceTree = "<group>";
		};
		C37DDBAA2B6A54BD0081B91F /* Views */ = {
			isa = PBXGroup;
			children = (
				C37DDBAB2B6A55660081B91F /* Cells */,
				C37DDBB02B6A572C0081B91F /* MMTitleLabel.swift */,
			);
			path = Views;
			sourceTree = "<group>";
		};
		C37DDBAB2B6A55660081B91F /* Cells */ = {
			isa = PBXGroup;
			children = (
				C37DDBAC2B6A558F0081B91F /* MMMovieCell.swift */,
				C37DDBAE2B6A56660081B91F /* MMMovieImageView.swift */,
			);
			path = Cells;
			sourceTree = "<group>";
		};
/* End PBXGroup section */

/* Begin PBXNativeTarget section */
		C357A8BE2B6A36AE007E1195 /* MyMovies */ = {
			isa = PBXNativeTarget;
			buildConfigurationList = C357A8D62B6A36AF007E1195 /* Build configuration list for PBXNativeTarget "MyMovies" */;
			buildPhases = (
				C357A8BB2B6A36AE007E1195 /* Sources */,
				C357A8BC2B6A36AE007E1195 /* Frameworks */,
				C357A8BD2B6A36AE007E1195 /* Resources */,
			);
			buildRules = (
			);
			dependencies = (
			);
			name = MyMovies;
			productName = MyMovies;
			productReference = C357A8BF2B6A36AE007E1195 /* MyMovies.app */;
			productType = "com.apple.product-type.application";
		};
/* End PBXNativeTarget section */

/* Begin PBXProject section */
		C357A8B72B6A36AE007E1195 /* Project object */ = {
			isa = PBXProject;
			attributes = {
				BuildIndependentTargetsInParallel = 1;
				LastSwiftUpdateCheck = 1520;
				LastUpgradeCheck = 1520;
				TargetAttributes = {
					C357A8BE2B6A36AE007E1195 = {
						CreatedOnToolsVersion = 15.2;
					};
				};
			};
			buildConfigurationList = C357A8BA2B6A36AE007E1195 /* Build configuration list for PBXProject "MyMovies" */;
			compatibilityVersion = "Xcode 14.0";
			developmentRegion = en;
			hasScannedForEncodings = 0;
			knownRegions = (
				en,
				Base,
			);
			mainGroup = C357A8B62B6A36AE007E1195;
			productRefGroup = C357A8C02B6A36AE007E1195 /* Products */;
			projectDirPath = "";
			projectRoot = "";
			targets = (
				C357A8BE2B6A36AE007E1195 /* MyMovies */,
			);
		};
/* End PBXProject section */

/* Begin PBXResourcesBuildPhase section */
		C357A8BD2B6A36AE007E1195 /* Resources */ = {
			isa = PBXResourcesBuildPhase;
			buildActionMask = 2147483647;
			files = (
				C357A8D22B6A36AF007E1195 /* LaunchScreen.storyboard in Resources */,
				C357A8CF2B6A36AF007E1195 /* Assets.xcassets in Resources */,
			);
			runOnlyForDeploymentPostprocessing = 0;
		};
/* End PBXResourcesBuildPhase section */

/* Begin PBXSourcesBuildPhase section */
		C357A8BB2B6A36AE007E1195 /* Sources */ = {
			isa = PBXSourcesBuildPhase;
			buildActionMask = 2147483647;
			files = (
				C357A8C72B6A36AE007E1195 /* MovieListVC.swift in Sources */,
				C37DDBB32B6A73DA0081B91F /* MovieDetailsVC.swift in Sources */,
				C357A8C32B6A36AE007E1195 /* AppDelegate.swift in Sources */,
				C357A8CD2B6A36AE007E1195 /* MyMovies.xcdatamodeld in Sources */,
				C37DDBA42B6A3C130081B91F /* SwiftUIPreviewVC.swift in Sources */,
				C357A8C52B6A36AE007E1195 /* SceneDelegate.swift in Sources */,
				C37DDBB12B6A572C0081B91F /* MMTitleLabel.swift in Sources */,
				C37DDBAF2B6A56660081B91F /* MMMovieImageView.swift in Sources */,
				C37DDBA92B6A4FA50081B91F /* FavouritesVC.swift in Sources */,
				C37DDBAD2B6A558F0081B91F /* MMMovieCell.swift in Sources */,
				C37DDBA62B6A3C180081B91F /* SwiftUIPreviewView.swift in Sources */,
			);
			runOnlyForDeploymentPostprocessing = 0;
		};
/* End PBXSourcesBuildPhase section */

/* Begin PBXVariantGroup section */
		C357A8D02B6A36AF007E1195 /* LaunchScreen.storyboard */ = {
			isa = PBXVariantGroup;
			children = (
				C357A8D12B6A36AF007E1195 /* Base */,
			);
			name = LaunchScreen.storyboard;
			sourceTree = "<group>";
		};
/* End PBXVariantGroup section */

/* Begin XCBuildConfiguration section */
		C357A8D42B6A36AF007E1195 /* Debug */ = {
			isa = XCBuildConfiguration;
			buildSettings = {
				ALWAYS_SEARCH_USER_PATHS = NO;
				ASSETCATALOG_COMPILER_GENERATE_SWIFT_ASSET_SYMBOL_EXTENSIONS = YES;
				CLANG_ANALYZER_NONNULL = YES;
				CLANG_ANALYZER_NUMBER_OBJECT_CONVERSION = YES_AGGRESSIVE;
				CLANG_CXX_LANGUAGE_STANDARD = "gnu++20";
				CLANG_ENABLE_MODULES = YES;
				CLANG_ENABLE_OBJC_ARC = YES;
				CLANG_ENABLE_OBJC_WEAK = YES;
				CLANG_WARN_BLOCK_CAPTURE_AUTORELEASING = YES;
				CLANG_WARN_BOOL_CONVERSION = YES;
				CLANG_WARN_COMMA = YES;
				CLANG_WARN_CONSTANT_CONVERSION = YES;
				CLANG_WARN_DEPRECATED_OBJC_IMPLEMENTATIONS = YES;
				CLANG_WARN_DIRECT_OBJC_ISA_USAGE = YES_ERROR;
				CLANG_WARN_DOCUMENTATION_COMMENTS = YES;
				CLANG_WARN_EMPTY_BODY = YES;
				CLANG_WARN_ENUM_CONVERSION = YES;
				CLANG_WARN_INFINITE_RECURSION = YES;
				CLANG_WARN_INT_CONVERSION = YES;
				CLANG_WARN_NON_LITERAL_NULL_CONVERSION = YES;
				CLANG_WARN_OBJC_IMPLICIT_RETAIN_SELF = YES;
				CLANG_WARN_OBJC_LITERAL_CONVERSION = YES;
				CLANG_WARN_OBJC_ROOT_CLASS = YES_ERROR;
				CLANG_WARN_QUOTED_INCLUDE_IN_FRAMEWORK_HEADER = YES;
				CLANG_WARN_RANGE_LOOP_ANALYSIS = YES;
				CLANG_WARN_STRICT_PROTOTYPES = YES;
				CLANG_WARN_SUSPICIOUS_MOVE = YES;
				CLANG_WARN_UNGUARDED_AVAILABILITY = YES_AGGRESSIVE;
				CLANG_WARN_UNREACHABLE_CODE = YES;
				CLANG_WARN__DUPLICATE_METHOD_MATCH = YES;
				COPY_PHASE_STRIP = NO;
				DEBUG_INFORMATION_FORMAT = dwarf;
				ENABLE_STRICT_OBJC_MSGSEND = YES;
				ENABLE_TESTABILITY = YES;
				ENABLE_USER_SCRIPT_SANDBOXING = YES;
				GCC_C_LANGUAGE_STANDARD = gnu17;
				GCC_DYNAMIC_NO_PIC = NO;
				GCC_NO_COMMON_BLOCKS = YES;
				GCC_OPTIMIZATION_LEVEL = 0;
				GCC_PREPROCESSOR_DEFINITIONS = (
					"DEBUG=1",
					"$(inherited)",
				);
				GCC_WARN_64_TO_32_BIT_CONVERSION = YES;
				GCC_WARN_ABOUT_RETURN_TYPE = YES_ERROR;
				GCC_WARN_UNDECLARED_SELECTOR = YES;
				GCC_WARN_UNINITIALIZED_AUTOS = YES_AGGRESSIVE;
				GCC_WARN_UNUSED_FUNCTION = YES;
				GCC_WARN_UNUSED_VARIABLE = YES;
				IPHONEOS_DEPLOYMENT_TARGET = 17.0;
				LOCALIZATION_PREFERS_STRING_CATALOGS = YES;
				MTL_ENABLE_DEBUG_INFO = INCLUDE_SOURCE;
				MTL_FAST_MATH = YES;
				ONLY_ACTIVE_ARCH = YES;
				SDKROOT = iphoneos;
				SWIFT_ACTIVE_COMPILATION_CONDITIONS = "DEBUG $(inherited)";
				SWIFT_OPTIMIZATION_LEVEL = "-Onone";
			};
			name = Debug;
		};
		C357A8D52B6A36AF007E1195 /* Release */ = {
			isa = XCBuildConfiguration;
			buildSettings = {
				ALWAYS_SEARCH_USER_PATHS = NO;
				ASSETCATALOG_COMPILER_GENERATE_SWIFT_ASSET_SYMBOL_EXTENSIONS = YES;
				CLANG_ANALYZER_NONNULL = YES;
				CLANG_ANALYZER_NUMBER_OBJECT_CONVERSION = YES_AGGRESSIVE;
				CLANG_CXX_LANGUAGE_STANDARD = "gnu++20";
				CLANG_ENABLE_MODULES = YES;
				CLANG_ENABLE_OBJC_ARC = YES;
				CLANG_ENABLE_OBJC_WEAK = YES;
				CLANG_WARN_BLOCK_CAPTURE_AUTORELEASING = YES;
				CLANG_WARN_BOOL_CONVERSION = YES;
				CLANG_WARN_COMMA = YES;
				CLANG_WARN_CONSTANT_CONVERSION = YES;
				CLANG_WARN_DEPRECATED_OBJC_IMPLEMENTATIONS = YES;
				CLANG_WARN_DIRECT_OBJC_ISA_USAGE = YES_ERROR;
				CLANG_WARN_DOCUMENTATION_COMMENTS = YES;
				CLANG_WARN_EMPTY_BODY = YES;
				CLANG_WARN_ENUM_CONVERSION = YES;
				CLANG_WARN_INFINITE_RECURSION = YES;
				CLANG_WARN_INT_CONVERSION = YES;
				CLANG_WARN_NON_LITERAL_NULL_CONVERSION = YES;
				CLANG_WARN_OBJC_IMPLICIT_RETAIN_SELF = YES;
				CLANG_WARN_OBJC_LITERAL_CONVERSION = YES;
				CLANG_WARN_OBJC_ROOT_CLASS = YES_ERROR;
				CLANG_WARN_QUOTED_INCLUDE_IN_FRAMEWORK_HEADER = YES;
				CLANG_WARN_RANGE_LOOP_ANALYSIS = YES;
				CLANG_WARN_STRICT_PROTOTYPES = YES;
				CLANG_WARN_SUSPICIOUS_MOVE = YES;
				CLANG_WARN_UNGUARDED_AVAILABILITY = YES_AGGRESSIVE;
				CLANG_WARN_UNREACHABLE_CODE = YES;
				CLANG_WARN__DUPLICATE_METHOD_MATCH = YES;
				COPY_PHASE_STRIP = NO;
				DEBUG_INFORMATION_FORMAT = "dwarf-with-dsym";
				ENABLE_NS_ASSERTIONS = NO;
				ENABLE_STRICT_OBJC_MSGSEND = YES;
				ENABLE_USER_SCRIPT_SANDBOXING = YES;
				GCC_C_LANGUAGE_STANDARD = gnu17;
				GCC_NO_COMMON_BLOCKS = YES;
				GCC_WARN_64_TO_32_BIT_CONVERSION = YES;
				GCC_WARN_ABOUT_RETURN_TYPE = YES_ERROR;
				GCC_WARN_UNDECLARED_SELECTOR = YES;
				GCC_WARN_UNINITIALIZED_AUTOS = YES_AGGRESSIVE;
				GCC_WARN_UNUSED_FUNCTION = YES;
				GCC_WARN_UNUSED_VARIABLE = YES;
				IPHONEOS_DEPLOYMENT_TARGET = 17.0;
				LOCALIZATION_PREFERS_STRING_CATALOGS = YES;
				MTL_ENABLE_DEBUG_INFO = NO;
				MTL_FAST_MATH = YES;
				SDKROOT = iphoneos;
				SWIFT_COMPILATION_MODE = wholemodule;
				VALIDATE_PRODUCT = YES;
			};
			name = Release;
		};
		C357A8D72B6A36AF007E1195 /* Debug */ = {
			isa = XCBuildConfiguration;
			buildSettings = {
				ASSETCATALOG_COMPILER_APPICON_NAME = AppIcon;
				ASSETCATALOG_COMPILER_GLOBAL_ACCENT_COLOR_NAME = AccentColor;
				CODE_SIGN_STYLE = Automatic;
				CURRENT_PROJECT_VERSION = 1;
				DEVELOPMENT_TEAM = 8376CRB6W4;
				GENERATE_INFOPLIST_FILE = YES;
				INFOPLIST_FILE = MyMovies/Info.plist;
				INFOPLIST_KEY_UIApplicationSupportsIndirectInputEvents = YES;
				INFOPLIST_KEY_UILaunchStoryboardName = LaunchScreen;
				INFOPLIST_KEY_UISupportedInterfaceOrientations_iPad = "UIInterfaceOrientationPortrait UIInterfaceOrientationPortraitUpsideDown UIInterfaceOrientationLandscapeLeft UIInterfaceOrientationLandscapeRight";
				INFOPLIST_KEY_UISupportedInterfaceOrientations_iPhone = "UIInterfaceOrientationPortrait UIInterfaceOrientationLandscapeLeft UIInterfaceOrientationLandscapeRight";
				IPHONEOS_DEPLOYMENT_TARGET = 17.0;
				LD_RUNPATH_SEARCH_PATHS = (
					"$(inherited)",
					"@executable_path/Frameworks",
				);
				MARKETING_VERSION = 1.0;
				PRODUCT_BUNDLE_IDENTIFIER = com.IhorMac.MyMovies;
				PRODUCT_NAME = "$(TARGET_NAME)";
				SWIFT_EMIT_LOC_STRINGS = YES;
				SWIFT_VERSION = 5.0;
				TARGETED_DEVICE_FAMILY = "1,2";
			};
			name = Debug;
		};
		C357A8D82B6A36AF007E1195 /* Release */ = {
			isa = XCBuildConfiguration;
			buildSettings = {
				ASSETCATALOG_COMPILER_APPICON_NAME = AppIcon;
				ASSETCATALOG_COMPILER_GLOBAL_ACCENT_COLOR_NAME = AccentColor;
				CODE_SIGN_STYLE = Automatic;
				CURRENT_PROJECT_VERSION = 1;
				DEVELOPMENT_TEAM = 8376CRB6W4;
				GENERATE_INFOPLIST_FILE = YES;
				INFOPLIST_FILE = MyMovies/Info.plist;
				INFOPLIST_KEY_UIApplicationSupportsIndirectInputEvents = YES;
				INFOPLIST_KEY_UILaunchStoryboardName = LaunchScreen;
				INFOPLIST_KEY_UISupportedInterfaceOrientations_iPad = "UIInterfaceOrientationPortrait UIInterfaceOrientationPortraitUpsideDown UIInterfaceOrientationLandscapeLeft UIInterfaceOrientationLandscapeRight";
				INFOPLIST_KEY_UISupportedInterfaceOrientations_iPhone = "UIInterfaceOrientationPortrait UIInterfaceOrientationLandscapeLeft UIInterfaceOrientationLandscapeRight";
				IPHONEOS_DEPLOYMENT_TARGET = 17.0;
				LD_RUNPATH_SEARCH_PATHS = (
					"$(inherited)",
					"@executable_path/Frameworks",
				);
				MARKETING_VERSION = 1.0;
				PRODUCT_BUNDLE_IDENTIFIER = com.IhorMac.MyMovies;
				PRODUCT_NAME = "$(TARGET_NAME)";
				SWIFT_EMIT_LOC_STRINGS = YES;
				SWIFT_VERSION = 5.0;
				TARGETED_DEVICE_FAMILY = "1,2";
			};
			name = Release;
		};
/* End XCBuildConfiguration section */

/* Begin XCConfigurationList section */
		C357A8BA2B6A36AE007E1195 /* Build configuration list for PBXProject "MyMovies" */ = {
			isa = XCConfigurationList;
			buildConfigurations = (
				C357A8D42B6A36AF007E1195 /* Debug */,
				C357A8D52B6A36AF007E1195 /* Release */,
			);
			defaultConfigurationIsVisible = 0;
			defaultConfigurationName = Release;
		};
		C357A8D62B6A36AF007E1195 /* Build configuration list for PBXNativeTarget "MyMovies" */ = {
			isa = XCConfigurationList;
			buildConfigurations = (
				C357A8D72B6A36AF007E1195 /* Debug */,
				C357A8D82B6A36AF007E1195 /* Release */,
			);
			defaultConfigurationIsVisible = 0;
			defaultConfigurationName = Release;
		};
/* End XCConfigurationList section */

/* Begin XCVersionGroup section */
		C357A8CB2B6A36AE007E1195 /* MyMovies.xcdatamodeld */ = {
			isa = XCVersionGroup;
			children = (
				C357A8CC2B6A36AE007E1195 /* MyMovies.xcdatamodel */,
			);
			currentVersion = C357A8CC2B6A36AE007E1195 /* MyMovies.xcdatamodel */;
			path = MyMovies.xcdatamodeld;
			sourceTree = "<group>";
			versionGroupType = wrapper.xcdatamodel;
		};
/* End XCVersionGroup section */
	};
	rootObject = C357A8B72B6A36AE007E1195 /* Project object */;
}
